// !$*UTF8*$!
{
	archiveVersion = 1;
	classes = {
	};
	objectVersion = 77;
	objects = {

/* Begin PBXBuildFile section */
		0D2B7D6F2E0DCB0F00AB9AAE /* Sparkle in Frameworks */ = {isa = PBXBuildFile; productRef = 0D2B7D6E2E0DCB0F00AB9AAE /* Sparkle */; };
		0D371BC52E108DC900E13E55 /* SoulverCore in Frameworks */ = {isa = PBXBuildFile; productRef = 0D371BC42E108DC900E13E55 /* SoulverCore */; };
		0DA0E51A2DDF9812006576E1 /* LaunchAtLogin in Frameworks */ = {isa = PBXBuildFile; productRef = 0DA0E5192DDF9812006576E1 /* LaunchAtLogin */; };
		0DDDAF652E0740550089C5C2 /* KeyboardShortcuts in Frameworks */ = {isa = PBXBuildFile; productRef = 0DDDAF642E0740550089C5C2 /* KeyboardShortcuts */; };
/* End PBXBuildFile section */

/* Begin PBXContainerItemProxy section */
		0DA0E4ED2DDF8C83006576E1 /* PBXContainerItemProxy */ = {
			isa = PBXContainerItemProxy;
			containerPortal = 0DA0E4D32DDF8C82006576E1 /* Project object */;
			proxyType = 1;
			remoteGlobalIDString = 0DA0E4DA2DDF8C82006576E1;
			remoteInfo = SuperCorners;
		};
		0DA0E4F72DDF8C83006576E1 /* PBXContainerItemProxy */ = {
			isa = PBXContainerItemProxy;
			containerPortal = 0DA0E4D32DDF8C82006576E1 /* Project object */;
			proxyType = 1;
			remoteGlobalIDString = 0DA0E4DA2DDF8C82006576E1;
			remoteInfo = SuperCorners;
		};
/* End PBXContainerItemProxy section */

/* Begin PBXFileReference section */
		0DA0E4DB2DDF8C82006576E1 /* SuperCorners.app */ = {isa = PBXFileReference; explicitFileType = wrapper.application; includeInIndex = 0; path = SuperCorners.app; sourceTree = BUILT_PRODUCTS_DIR; };
		0DA0E4EC2DDF8C83006576E1 /* SuperCornersTests.xctest */ = {isa = PBXFileReference; explicitFileType = wrapper.cfbundle; includeInIndex = 0; path = SuperCornersTests.xctest; sourceTree = BUILT_PRODUCTS_DIR; };
		0DA0E4F62DDF8C83006576E1 /* SuperCornersUITests.xctest */ = {isa = PBXFileReference; explicitFileType = wrapper.cfbundle; includeInIndex = 0; path = SuperCornersUITests.xctest; sourceTree = BUILT_PRODUCTS_DIR; };
/* End PBXFileReference section */

/* Begin PBXFileSystemSynchronizedRootGroup section */
		0DA0E4DD2DDF8C82006576E1 /* SuperCorners */ = {
			isa = PBXFileSystemSynchronizedRootGroup;
			path = SuperCorners;
			sourceTree = "<group>";
		};
		0DA0E4EF2DDF8C83006576E1 /* SuperCornersTests */ = {
			isa = PBXFileSystemSynchronizedRootGroup;
			path = SuperCornersTests;
			sourceTree = "<group>";
		};
		0DA0E4F92DDF8C83006576E1 /* SuperCornersUITests */ = {
			isa = PBXFileSystemSynchronizedRootGroup;
			path = SuperCornersUITests;
			sourceTree = "<group>";
		};
/* End PBXFileSystemSynchronizedRootGroup section */

/* Begin PBXFrameworksBuildPhase section */
		0DA0E4D82DDF8C82006576E1 /* Frameworks */ = {
			isa = PBXFrameworksBuildPhase;
			buildActionMask = 2147483647;
			files = (
				0D371BC52E108DC900E13E55 /* SoulverCore in Frameworks */,
				0D2B7D6F2E0DCB0F00AB9AAE /* Sparkle in Frameworks */,
				0DA0E51A2DDF9812006576E1 /* LaunchAtLogin in Frameworks */,
				0DDDAF652E0740550089C5C2 /* KeyboardShortcuts in Frameworks */,
			);
			runOnlyForDeploymentPostprocessing = 0;
		};
		0DA0E4E92DDF8C83006576E1 /* Frameworks */ = {
			isa = PBXFrameworksBuildPhase;
			buildActionMask = 2147483647;
			files = (
			);
			runOnlyForDeploymentPostprocessing = 0;
		};
		0DA0E4F32DDF8C83006576E1 /* Frameworks */ = {
			isa = PBXFrameworksBuildPhase;
			buildActionMask = 2147483647;
			files = (
			);
			runOnlyForDeploymentPostprocessing = 0;
		};
/* End PBXFrameworksBuildPhase section */

/* Begin PBXGroup section */
		0DA0E4D22DDF8C82006576E1 = {
			isa = PBXGroup;
			children = (
				0DA0E4DD2DDF8C82006576E1 /* SuperCorners */,
				0DA0E4EF2DDF8C83006576E1 /* SuperCornersTests */,
				0DA0E4F92DDF8C83006576E1 /* SuperCornersUITests */,
				0DA0E4DC2DDF8C82006576E1 /* Products */,
			);
			sourceTree = "<group>";
		};
		0DA0E4DC2DDF8C82006576E1 /* Products */ = {
			isa = PBXGroup;
			children = (
				0DA0E4DB2DDF8C82006576E1 /* SuperCorners.app */,
				0DA0E4EC2DDF8C83006576E1 /* SuperCornersTests.xctest */,
				0DA0E4F62DDF8C83006576E1 /* SuperCornersUITests.xctest */,
			);
			name = Products;
			sourceTree = "<group>";
		};
/* End PBXGroup section */

/* Begin PBXNativeTarget section */
		0DA0E4DA2DDF8C82006576E1 /* SuperCorners */ = {
			isa = PBXNativeTarget;
			buildConfigurationList = 0DA0E5002DDF8C83006576E1 /* Build configuration list for PBXNativeTarget "SuperCorners" */;
			buildPhases = (
				0DA0E4D72DDF8C82006576E1 /* Sources */,
				0DA0E4D82DDF8C82006576E1 /* Frameworks */,
				0DA0E4D92DDF8C82006576E1 /* Resources */,
			);
			buildRules = (
			);
			dependencies = (
			);
			fileSystemSynchronizedGroups = (
				0DA0E4DD2DDF8C82006576E1 /* SuperCorners */,
			);
			name = SuperCorners;
			packageProductDependencies = (
				0DA0E5192DDF9812006576E1 /* LaunchAtLogin */,
				0DDDAF642E0740550089C5C2 /* KeyboardShortcuts */,
				0D2B7D6E2E0DCB0F00AB9AAE /* Sparkle */,
				0D371BC42E108DC900E13E55 /* SoulverCore */,
			);
			productName = SuperCorners;
			productReference = 0DA0E4DB2DDF8C82006576E1 /* SuperCorners.app */;
			productType = "com.apple.product-type.application";
		};
		0DA0E4EB2DDF8C83006576E1 /* SuperCornersTests */ = {
			isa = PBXNativeTarget;
			buildConfigurationList = 0DA0E5032DDF8C83006576E1 /* Build configuration list for PBXNativeTarget "SuperCornersTests" */;
			buildPhases = (
				0DA0E4E82DDF8C83006576E1 /* Sources */,
				0DA0E4E92DDF8C83006576E1 /* Frameworks */,
				0DA0E4EA2DDF8C83006576E1 /* Resources */,
			);
			buildRules = (
			);
			dependencies = (
				0DA0E4EE2DDF8C83006576E1 /* PBXTargetDependency */,
			);
			fileSystemSynchronizedGroups = (
				0DA0E4EF2DDF8C83006576E1 /* SuperCornersTests */,
			);
			name = SuperCornersTests;
			packageProductDependencies = (
			);
			productName = SuperCornersTests;
			productReference = 0DA0E4EC2DDF8C83006576E1 /* SuperCornersTests.xctest */;
			productType = "com.apple.product-type.bundle.unit-test";
		};
		0DA0E4F52DDF8C83006576E1 /* SuperCornersUITests */ = {
			isa = PBXNativeTarget;
			buildConfigurationList = 0DA0E5062DDF8C83006576E1 /* Build configuration list for PBXNativeTarget "SuperCornersUITests" */;
			buildPhases = (
				0DA0E4F22DDF8C83006576E1 /* Sources */,
				0DA0E4F32DDF8C83006576E1 /* Frameworks */,
				0DA0E4F42DDF8C83006576E1 /* Resources */,
			);
			buildRules = (
			);
			dependencies = (
				0DA0E4F82DDF8C83006576E1 /* PBXTargetDependency */,
			);
			fileSystemSynchronizedGroups = (
				0DA0E4F92DDF8C83006576E1 /* SuperCornersUITests */,
			);
			name = SuperCornersUITests;
			packageProductDependencies = (
			);
			productName = SuperCornersUITests;
			productReference = 0DA0E4F62DDF8C83006576E1 /* SuperCornersUITests.xctest */;
			productType = "com.apple.product-type.bundle.ui-testing";
		};
/* End PBXNativeTarget section */

/* Begin PBXProject section */
		0DA0E4D32DDF8C82006576E1 /* Project object */ = {
			isa = PBXProject;
			attributes = {
				BuildIndependentTargetsInParallel = 1;
				LastSwiftUpdateCheck = 1620;
				LastUpgradeCheck = 1620;
				TargetAttributes = {
					0DA0E4DA2DDF8C82006576E1 = {
						CreatedOnToolsVersion = 16.2;
					};
					0DA0E4EB2DDF8C83006576E1 = {
						CreatedOnToolsVersion = 16.2;
						TestTargetID = 0DA0E4DA2DDF8C82006576E1;
					};
					0DA0E4F52DDF8C83006576E1 = {
						CreatedOnToolsVersion = 16.2;
						TestTargetID = 0DA0E4DA2DDF8C82006576E1;
					};
				};
			};
			buildConfigurationList = 0DA0E4D62DDF8C82006576E1 /* Build configuration list for PBXProject "SuperCorners" */;
			developmentRegion = en;
			hasScannedForEncodings = 0;
			knownRegions = (
				en,
				Base,
			);
			mainGroup = 0DA0E4D22DDF8C82006576E1;
			minimizedProjectReferenceProxies = 1;
			packageReferences = (
				0DA0E5182DDF9812006576E1 /* XCRemoteSwiftPackageReference "LaunchAtLogin-Modern" */,
				0DDDAF632E0740550089C5C2 /* XCRemoteSwiftPackageReference "KeyboardShortcuts" */,
				0D2B7D6D2E0DCB0F00AB9AAE /* XCRemoteSwiftPackageReference "Sparkle" */,
				0D371BC32E108DC900E13E55 /* XCRemoteSwiftPackageReference "SoulverCore" */,
			);
			preferredProjectObjectVersion = 77;
			productRefGroup = 0DA0E4DC2DDF8C82006576E1 /* Products */;
			projectDirPath = "";
			projectRoot = "";
			targets = (
				0DA0E4DA2DDF8C82006576E1 /* SuperCorners */,
				0DA0E4EB2DDF8C83006576E1 /* SuperCornersTests */,
				0DA0E4F52DDF8C83006576E1 /* SuperCornersUITests */,
			);
		};
/* End PBXProject section */

/* Begin PBXResourcesBuildPhase section */
		0DA0E4D92DDF8C82006576E1 /* Resources */ = {
			isa = PBXResourcesBuildPhase;
			buildActionMask = 2147483647;
			files = (
			);
			runOnlyForDeploymentPostprocessing = 0;
		};
		0DA0E4EA2DDF8C83006576E1 /* Resources */ = {
			isa = PBXResourcesBuildPhase;
			buildActionMask = 2147483647;
			files = (
			);
			runOnlyForDeploymentPostprocessing = 0;
		};
		0DA0E4F42DDF8C83006576E1 /* Resources */ = {
			isa = PBXResourcesBuildPhase;
			buildActionMask = 2147483647;
			files = (
			);
			runOnlyForDeploymentPostprocessing = 0;
		};
/* End PBXResourcesBuildPhase section */

/* Begin PBXSourcesBuildPhase section */
		0DA0E4D72DDF8C82006576E1 /* Sources */ = {
			isa = PBXSourcesBuildPhase;
			buildActionMask = 2147483647;
			files = (
			);
			runOnlyForDeploymentPostprocessing = 0;
		};
		0DA0E4E82DDF8C83006576E1 /* Sources */ = {
			isa = PBXSourcesBuildPhase;
			buildActionMask = 2147483647;
			files = (
			);
			runOnlyForDeploymentPostprocessing = 0;
		};
		0DA0E4F22DDF8C83006576E1 /* Sources */ = {
			isa = PBXSourcesBuildPhase;
			buildActionMask = 2147483647;
			files = (
			);
			runOnlyForDeploymentPostprocessing = 0;
		};
/* End PBXSourcesBuildPhase section */

/* Begin PBXTargetDependency section */
		0DA0E4EE2DDF8C83006576E1 /* PBXTargetDependency */ = {
			isa = PBXTargetDependency;
			target = 0DA0E4DA2DDF8C82006576E1 /* SuperCorners */;
			targetProxy = 0DA0E4ED2DDF8C83006576E1 /* PBXContainerItemProxy */;
		};
		0DA0E4F82DDF8C83006576E1 /* PBXTargetDependency */ = {
			isa = PBXTargetDependency;
			target = 0DA0E4DA2DDF8C82006576E1 /* SuperCorners */;
			targetProxy = 0DA0E4F72DDF8C83006576E1 /* PBXContainerItemProxy */;
		};
/* End PBXTargetDependency section */

/* Begin XCBuildConfiguration section */
		0DA0E4FE2DDF8C83006576E1 /* Debug */ = {
			isa = XCBuildConfiguration;
			buildSettings = {
				ALWAYS_SEARCH_USER_PATHS = NO;
				ASSETCATALOG_COMPILER_GENERATE_SWIFT_ASSET_SYMBOL_EXTENSIONS = YES;
				CLANG_ANALYZER_NONNULL = YES;
				CLANG_ANALYZER_NUMBER_OBJECT_CONVERSION = YES_AGGRESSIVE;
				CLANG_CXX_LANGUAGE_STANDARD = "gnu++20";
				CLANG_ENABLE_MODULES = YES;
				CLANG_ENABLE_OBJC_ARC = YES;
				CLANG_ENABLE_OBJC_WEAK = YES;
				CLANG_WARN_BLOCK_CAPTURE_AUTORELEASING = YES;
				CLANG_WARN_BOOL_CONVERSION = YES;
				CLANG_WARN_COMMA = YES;
				CLANG_WARN_CONSTANT_CONVERSION = YES;
				CLANG_WARN_DEPRECATED_OBJC_IMPLEMENTATIONS = YES;
				CLANG_WARN_DIRECT_OBJC_ISA_USAGE = YES_ERROR;
				CLANG_WARN_DOCUMENTATION_COMMENTS = YES;
				CLANG_WARN_EMPTY_BODY = YES;
				CLANG_WARN_ENUM_CONVERSION = YES;
				CLANG_WARN_INFINITE_RECURSION = YES;
				CLANG_WARN_INT_CONVERSION = YES;
				CLANG_WARN_NON_LITERAL_NULL_CONVERSION = YES;
				CLANG_WARN_OBJC_IMPLICIT_RETAIN_SELF = YES;
				CLANG_WARN_OBJC_LITERAL_CONVERSION = YES;
				CLANG_WARN_OBJC_ROOT_CLASS = YES_ERROR;
				CLANG_WARN_QUOTED_INCLUDE_IN_FRAMEWORK_HEADER = YES;
				CLANG_WARN_RANGE_LOOP_ANALYSIS = YES;
				CLANG_WARN_STRICT_PROTOTYPES = YES;
				CLANG_WARN_SUSPICIOUS_MOVE = YES;
				CLANG_WARN_UNGUARDED_AVAILABILITY = YES_AGGRESSIVE;
				CLANG_WARN_UNREACHABLE_CODE = YES;
				CLANG_WARN__DUPLICATE_METHOD_MATCH = YES;
				COPY_PHASE_STRIP = NO;
				DEAD_CODE_STRIPPING = YES;
				DEBUG_INFORMATION_FORMAT = dwarf;
				ENABLE_STRICT_OBJC_MSGSEND = YES;
				ENABLE_TESTABILITY = YES;
				ENABLE_USER_SCRIPT_SANDBOXING = YES;
				GCC_C_LANGUAGE_STANDARD = gnu17;
				GCC_DYNAMIC_NO_PIC = NO;
				GCC_NO_COMMON_BLOCKS = YES;
				GCC_OPTIMIZATION_LEVEL = 0;
				GCC_PREPROCESSOR_DEFINITIONS = (
					"DEBUG=1",
					"$(inherited)",
				);
				GCC_WARN_64_TO_32_BIT_CONVERSION = YES;
				GCC_WARN_ABOUT_RETURN_TYPE = YES_ERROR;
				GCC_WARN_UNDECLARED_SELECTOR = YES;
				GCC_WARN_UNINITIALIZED_AUTOS = YES_AGGRESSIVE;
				GCC_WARN_UNUSED_FUNCTION = YES;
				GCC_WARN_UNUSED_VARIABLE = YES;
				LOCALIZATION_PREFERS_STRING_CATALOGS = YES;
				MACOSX_DEPLOYMENT_TARGET = 15.1;
				MTL_ENABLE_DEBUG_INFO = INCLUDE_SOURCE;
				MTL_FAST_MATH = YES;
				ONLY_ACTIVE_ARCH = YES;
				SDKROOT = macosx;
				SWIFT_ACTIVE_COMPILATION_CONDITIONS = "DEBUG $(inherited)";
				SWIFT_OPTIMIZATION_LEVEL = "-Onone";
			};
			name = Debug;
		};
		0DA0E4FF2DDF8C83006576E1 /* Release */ = {
			isa = XCBuildConfiguration;
			buildSettings = {
				ALWAYS_SEARCH_USER_PATHS = NO;
				ASSETCATALOG_COMPILER_GENERATE_SWIFT_ASSET_SYMBOL_EXTENSIONS = YES;
				CLANG_ANALYZER_NONNULL = YES;
				CLANG_ANALYZER_NUMBER_OBJECT_CONVERSION = YES_AGGRESSIVE;
				CLANG_CXX_LANGUAGE_STANDARD = "gnu++20";
				CLANG_ENABLE_MODULES = YES;
				CLANG_ENABLE_OBJC_ARC = YES;
				CLANG_ENABLE_OBJC_WEAK = YES;
				CLANG_WARN_BLOCK_CAPTURE_AUTORELEASING = YES;
				CLANG_WARN_BOOL_CONVERSION = YES;
				CLANG_WARN_COMMA = YES;
				CLANG_WARN_CONSTANT_CONVERSION = YES;
				CLANG_WARN_DEPRECATED_OBJC_IMPLEMENTATIONS = YES;
				CLANG_WARN_DIRECT_OBJC_ISA_USAGE = YES_ERROR;
				CLANG_WARN_DOCUMENTATION_COMMENTS = YES;
				CLANG_WARN_EMPTY_BODY = YES;
				CLANG_WARN_ENUM_CONVERSION = YES;
				CLANG_WARN_INFINITE_RECURSION = YES;
				CLANG_WARN_INT_CONVERSION = YES;
				CLANG_WARN_NON_LITERAL_NULL_CONVERSION = YES;
				CLANG_WARN_OBJC_IMPLICIT_RETAIN_SELF = YES;
				CLANG_WARN_OBJC_LITERAL_CONVERSION = YES;
				CLANG_WARN_OBJC_ROOT_CLASS = YES_ERROR;
				CLANG_WARN_QUOTED_INCLUDE_IN_FRAMEWORK_HEADER = YES;
				CLANG_WARN_RANGE_LOOP_ANALYSIS = YES;
				CLANG_WARN_STRICT_PROTOTYPES = YES;
				CLANG_WARN_SUSPICIOUS_MOVE = YES;
				CLANG_WARN_UNGUARDED_AVAILABILITY = YES_AGGRESSIVE;
				CLANG_WARN_UNREACHABLE_CODE = YES;
				CLANG_WARN__DUPLICATE_METHOD_MATCH = YES;
				COPY_PHASE_STRIP = NO;
				DEAD_CODE_STRIPPING = YES;
				DEBUG_INFORMATION_FORMAT = "dwarf-with-dsym";
				ENABLE_NS_ASSERTIONS = NO;
				ENABLE_STRICT_OBJC_MSGSEND = YES;
				ENABLE_USER_SCRIPT_SANDBOXING = YES;
				GCC_C_LANGUAGE_STANDARD = gnu17;
				GCC_NO_COMMON_BLOCKS = YES;
				GCC_WARN_64_TO_32_BIT_CONVERSION = YES;
				GCC_WARN_ABOUT_RETURN_TYPE = YES_ERROR;
				GCC_WARN_UNDECLARED_SELECTOR = YES;
				GCC_WARN_UNINITIALIZED_AUTOS = YES_AGGRESSIVE;
				GCC_WARN_UNUSED_FUNCTION = YES;
				GCC_WARN_UNUSED_VARIABLE = YES;
				LOCALIZATION_PREFERS_STRING_CATALOGS = YES;
				MACOSX_DEPLOYMENT_TARGET = 15.1;
				MTL_ENABLE_DEBUG_INFO = NO;
				MTL_FAST_MATH = YES;
				SDKROOT = macosx;
				SWIFT_COMPILATION_MODE = wholemodule;
			};
			name = Release;
		};
		0DA0E5012DDF8C83006576E1 /* Debug */ = {
			isa = XCBuildConfiguration;
			buildSettings = {
				ASSETCATALOG_COMPILER_APPICON_NAME = AppIcon;
				ASSETCATALOG_COMPILER_GLOBAL_ACCENT_COLOR_NAME = AccentColor;
				ASSETCATALOG_COMPILER_INCLUDE_ALL_APPICON_ASSETS = NO;
				CODE_SIGN_ENTITLEMENTS = SuperCorners/SuperCorners.entitlements;
				"CODE_SIGN_IDENTITY[sdk=macosx*]" = "Apple Development";
				CODE_SIGN_STYLE = Automatic;
				COMBINE_HIDPI_IMAGES = YES;
				CURRENT_PROJECT_VERSION = 5;
				DEAD_CODE_STRIPPING = YES;
				DEVELOPMENT_ASSET_PATHS = "\"SuperCorners/Preview Content\"";
				DEVELOPMENT_TEAM = CZ58W7DJ7N;
				ENABLE_HARDENED_RUNTIME = YES;
				ENABLE_PREVIEWS = YES;
				GENERATE_INFOPLIST_FILE = YES;
				INFOPLIST_FILE = SuperCorners/Info.plist;
				INFOPLIST_KEY_CFBundleDisplayName = SuperCorners;
				INFOPLIST_KEY_LSApplicationCategoryType = "public.app-category.productivity";
				INFOPLIST_KEY_LSUIElement = YES;
				INFOPLIST_KEY_NSHumanReadableCopyright = "";
				LD_RUNPATH_SEARCH_PATHS = (
					"$(inherited)",
					"@executable_path/../Frameworks",
				);
				MACOSX_DEPLOYMENT_TARGET = 13.0;
				MARKETING_VERSION = 1.3.1;
				PRODUCT_BUNDLE_IDENTIFIER = daniyalmaster.SuperCorners;
				PRODUCT_NAME = "$(TARGET_NAME)";
				SWIFT_EMIT_LOC_STRINGS = YES;
				SWIFT_VERSION = 5.0;
			};
			name = Debug;
		};
		0DA0E5022DDF8C83006576E1 /* Release */ = {
			isa = XCBuildConfiguration;
			buildSettings = {
				ASSETCATALOG_COMPILER_APPICON_NAME = AppIcon;
				ASSETCATALOG_COMPILER_GLOBAL_ACCENT_COLOR_NAME = AccentColor;
				ASSETCATALOG_COMPILER_INCLUDE_ALL_APPICON_ASSETS = NO;
				CODE_SIGN_ENTITLEMENTS = SuperCorners/SuperCorners.entitlements;
				"CODE_SIGN_IDENTITY[sdk=macosx*]" = "Apple Development";
				CODE_SIGN_STYLE = Automatic;
				COMBINE_HIDPI_IMAGES = YES;
				CURRENT_PROJECT_VERSION = 5;
				DEAD_CODE_STRIPPING = YES;
				DEVELOPMENT_ASSET_PATHS = "\"SuperCorners/Preview Content\"";
				DEVELOPMENT_TEAM = CZ58W7DJ7N;
				ENABLE_HARDENED_RUNTIME = YES;
				ENABLE_PREVIEWS = YES;
				GENERATE_INFOPLIST_FILE = YES;
				INFOPLIST_FILE = SuperCorners/Info.plist;
				INFOPLIST_KEY_CFBundleDisplayName = SuperCorners;
				INFOPLIST_KEY_LSApplicationCategoryType = "public.app-category.productivity";
				INFOPLIST_KEY_LSUIElement = YES;
				INFOPLIST_KEY_NSHumanReadableCopyright = "";
				LD_RUNPATH_SEARCH_PATHS = (
					"$(inherited)",
					"@executable_path/../Frameworks",
				);
				MACOSX_DEPLOYMENT_TARGET = 13.0;
				MARKETING_VERSION = 1.3.1;
				PRODUCT_BUNDLE_IDENTIFIER = daniyalmaster.SuperCorners;
				PRODUCT_NAME = "$(TARGET_NAME)";
				SWIFT_EMIT_LOC_STRINGS = YES;
				SWIFT_VERSION = 5.0;
			};
			name = Release;
		};
		0DA0E5042DDF8C83006576E1 /* Debug */ = {
			isa = XCBuildConfiguration;
			buildSettings = {
				BUNDLE_LOADER = "$(TEST_HOST)";
				CODE_SIGN_STYLE = Automatic;
				CURRENT_PROJECT_VERSION = 1;
				DEAD_CODE_STRIPPING = YES;
				DEVELOPMENT_TEAM = CZ58W7DJ7N;
				GENERATE_INFOPLIST_FILE = YES;
				MACOSX_DEPLOYMENT_TARGET = 15.1;
				MARKETING_VERSION = 1.0;
				PRODUCT_BUNDLE_IDENTIFIER = daniyalmaster.SuperCornersTests;
				PRODUCT_NAME = "$(TARGET_NAME)";
				SWIFT_EMIT_LOC_STRINGS = NO;
				SWIFT_VERSION = 5.0;
				TEST_HOST = "$(BUILT_PRODUCTS_DIR)/SuperCorners.app/$(BUNDLE_EXECUTABLE_FOLDER_PATH)/SuperCorners";
			};
			name = Debug;
		};
		0DA0E5052DDF8C83006576E1 /* Release */ = {
			isa = XCBuildConfiguration;
			buildSettings = {
				BUNDLE_LOADER = "$(TEST_HOST)";
				CODE_SIGN_STYLE = Automatic;
				CURRENT_PROJECT_VERSION = 1;
				DEAD_CODE_STRIPPING = YES;
				DEVELOPMENT_TEAM = CZ58W7DJ7N;
				GENERATE_INFOPLIST_FILE = YES;
				MACOSX_DEPLOYMENT_TARGET = 15.1;
				MARKETING_VERSION = 1.0;
				PRODUCT_BUNDLE_IDENTIFIER = daniyalmaster.SuperCornersTests;
				PRODUCT_NAME = "$(TARGET_NAME)";
				SWIFT_EMIT_LOC_STRINGS = NO;
				SWIFT_VERSION = 5.0;
				TEST_HOST = "$(BUILT_PRODUCTS_DIR)/SuperCorners.app/$(BUNDLE_EXECUTABLE_FOLDER_PATH)/SuperCorners";
			};
			name = Release;
		};
		0DA0E5072DDF8C83006576E1 /* Debug */ = {
			isa = XCBuildConfiguration;
			buildSettings = {
				CODE_SIGN_STYLE = Automatic;
				CURRENT_PROJECT_VERSION = 1;
				DEAD_CODE_STRIPPING = YES;
				DEVELOPMENT_TEAM = CZ58W7DJ7N;
				GENERATE_INFOPLIST_FILE = YES;
				MARKETING_VERSION = 1.0;
				PRODUCT_BUNDLE_IDENTIFIER = daniyalmaster.SuperCornersUITests;
				PRODUCT_NAME = "$(TARGET_NAME)";
				SWIFT_EMIT_LOC_STRINGS = NO;
				SWIFT_VERSION = 5.0;
				TEST_TARGET_NAME = SuperCorners;
			};
			name = Debug;
		};
		0DA0E5082DDF8C83006576E1 /* Release */ = {
			isa = XCBuildConfiguration;
			buildSettings = {
				CODE_SIGN_STYLE = Automatic;
				CURRENT_PROJECT_VERSION = 1;
				DEAD_CODE_STRIPPING = YES;
				DEVELOPMENT_TEAM = CZ58W7DJ7N;
				GENERATE_INFOPLIST_FILE = YES;
				MARKETING_VERSION = 1.0;
				PRODUCT_BUNDLE_IDENTIFIER = daniyalmaster.SuperCornersUITests;
				PRODUCT_NAME = "$(TARGET_NAME)";
				SWIFT_EMIT_LOC_STRINGS = NO;
				SWIFT_VERSION = 5.0;
				TEST_TARGET_NAME = SuperCorners;
			};
			name = Release;
		};
/* End XCBuildConfiguration section */

/* Begin XCConfigurationList section */
		0DA0E4D62DDF8C82006576E1 /* Build configuration list for PBXProject "SuperCorners" */ = {
			isa = XCConfigurationList;
			buildConfigurations = (
				0DA0E4FE2DDF8C83006576E1 /* Debug */,
				0DA0E4FF2DDF8C83006576E1 /* Release */,
			);
			defaultConfigurationIsVisible = 0;
			defaultConfigurationName = Release;
		};
		0DA0E5002DDF8C83006576E1 /* Build configuration list for PBXNativeTarget "SuperCorners" */ = {
			isa = XCConfigurationList;
			buildConfigurations = (
				0DA0E5012DDF8C83006576E1 /* Debug */,
				0DA0E5022DDF8C83006576E1 /* Release */,
			);
			defaultConfigurationIsVisible = 0;
			defaultConfigurationName = Release;
		};
		0DA0E5032DDF8C83006576E1 /* Build configuration list for PBXNativeTarget "SuperCornersTests" */ = {
			isa = XCConfigurationList;
			buildConfigurations = (
				0DA0E5042DDF8C83006576E1 /* Debug */,
				0DA0E5052DDF8C83006576E1 /* Release */,
			);
			defaultConfigurationIsVisible = 0;
			defaultConfigurationName = Release;
		};
		0DA0E5062DDF8C83006576E1 /* Build configuration list for PBXNativeTarget "SuperCornersUITests" */ = {
			isa = XCConfigurationList;
			buildConfigurations = (
				0DA0E5072DDF8C83006576E1 /* Debug */,
				0DA0E5082DDF8C83006576E1 /* Release */,
			);
			defaultConfigurationIsVisible = 0;
			defaultConfigurationName = Release;
		};
/* End XCConfigurationList section */

/* Begin XCRemoteSwiftPackageReference section */
		0D2B7D6D2E0DCB0F00AB9AAE /* XCRemoteSwiftPackageReference "Sparkle" */ = {
			isa = XCRemoteSwiftPackageReference;
			repositoryURL = "https://github.com/sparkle-project/Sparkle";
			requirement = {
				kind = upToNextMajorVersion;
				minimumVersion = 2.7.1;
			};
		};
		0D371BC32E108DC900E13E55 /* XCRemoteSwiftPackageReference "SoulverCore" */ = {
			isa = XCRemoteSwiftPackageReference;
			repositoryURL = "https://github.com/soulverteam/SoulverCore";
			requirement = {
				kind = upToNextMajorVersion;
				minimumVersion = 3.1.0;
			};
		};
		0DA0E5182DDF9812006576E1 /* XCRemoteSwiftPackageReference "LaunchAtLogin-Modern" */ = {
			isa = XCRemoteSwiftPackageReference;
			repositoryURL = "https://github.com/sindresorhus/LaunchAtLogin-Modern";
			requirement = {
				branch = main;
				kind = branch;
			};
		};
		0DDDAF632E0740550089C5C2 /* XCRemoteSwiftPackageReference "KeyboardShortcuts" */ = {
			isa = XCRemoteSwiftPackageReference;
			repositoryURL = "https://github.com/sindresorhus/KeyboardShortcuts";
			requirement = {
				kind = upToNextMajorVersion;
				minimumVersion = 2.3.0;
			};
		};
/* End XCRemoteSwiftPackageReference section */

/* Begin XCSwiftPackageProductDependency section */
		0D2B7D6E2E0DCB0F00AB9AAE /* Sparkle */ = {
			isa = XCSwiftPackageProductDependency;
			package = 0D2B7D6D2E0DCB0F00AB9AAE /* XCRemoteSwiftPackageReference "Sparkle" */;
			productName = Sparkle;
		};
		0D371BC42E108DC900E13E55 /* SoulverCore */ = {
			isa = XCSwiftPackageProductDependency;
			package = 0D371BC32E108DC900E13E55 /* XCRemoteSwiftPackageReference "SoulverCore" */;
			productName = SoulverCore;
		};
		0DA0E5192DDF9812006576E1 /* LaunchAtLogin */ = {
			isa = XCSwiftPackageProductDependency;
			package = 0DA0E5182DDF9812006576E1 /* XCRemoteSwiftPackageReference "LaunchAtLogin-Modern" */;
			productName = LaunchAtLogin;
		};
		0DDDAF642E0740550089C5C2 /* KeyboardShortcuts */ = {
			isa = XCSwiftPackageProductDependency;
			package = 0DDDAF632E0740550089C5C2 /* XCRemoteSwiftPackageReference "KeyboardShortcuts" */;
			productName = KeyboardShortcuts;
		};
/* End XCSwiftPackageProductDependency section */
	};
	rootObject = 0DA0E4D32DDF8C82006576E1 /* Project object */;
}
