{
  "originHash" : "8d11ec23fd708567d5f8647f7ff2d300a42730ea7f25353703b64972977a5b0c",
  "pins" : [
    {
      "identity" : "keyboardshortcuts",
      "kind" : "remoteSourceControl",
      "location" : "https://github.com/sindresorhus/KeyboardShortcuts",
      "state" : {
        "revision" : "045cf174010beb335fa1d2567d18c057b8787165",
        "version" : "2.3.0"
      }
    },
    {
      "identity" : "launchatlogin-modern",
      "kind" : "remoteSourceControl",
      "location" : "https://github.com/sindresorhus/LaunchAtLogin-Modern",
      "state" : {
        "branch" : "main",
        "revision" : "a04ec1c363be3627734f6dad757d82f5d4fa8fcc"
      }
    },
    {
      "identity" : "tourkit",
      "kind" : "remoteSourceControl",
      "location" : "https://github.com/rampatra/TourKit.git",
      "state" : {
        "branch" : "main",
        "revision" : "4f2b109506650151d87cd5e84bb9fe2623938781"
      }
    }
  ],
  "version" : 3
}
